// !$*UTF8*$!
{
	archiveVersion = 1;
	classes = {
	};
	objectVersion = 46;
	objects = {

/* Begin PBXBuildFile section */
		6227FC401B1A8D05009F4B10 /* movie_quote.mp3 in Resources */ = {isa = PBXBuildFile; fileRef = 6227FC3F1B1A8D05009F4B10 /* movie_quote.mp3 */; };
		62590AB41B1C3F1100099678 /* RecordedAudio.swift in Sources */ = {isa = PBXBuildFile; fileRef = 62A9FB191B1AD948006AF1A9 /* RecordedAudio.swift */; };
		62590AB51B1C3F1100099678 /* RecordedAudio.swift in Sources */ = {isa = PBXBuildFile; fileRef = 62A9FB191B1AD948006AF1A9 /* RecordedAudio.swift */; };
		62590AB61B1C3F1600099678 /* PlaySoundsViewController.swift in Sources */ = {isa = PBXBuildFile; fileRef = 6227FC3D1B19B5BA009F4B10 /* PlaySoundsViewController.swift */; };
		62590AB71B1C3F1700099678 /* PlaySoundsViewController.swift in Sources */ = {isa = PBXBuildFile; fileRef = 6227FC3D1B19B5BA009F4B10 /* PlaySoundsViewController.swift */; };
		62590AB81B1C3F2500099678 /* RecordSoundsViewController.swift in Sources */ = {isa = PBXBuildFile; fileRef = 62F72C0C1B07BB44000AEC0B /* RecordSoundsViewController.swift */; };
		62590AB91B1C3F2500099678 /* RecordSoundsViewController.swift in Sources */ = {isa = PBXBuildFile; fileRef = 62F72C0C1B07BB44000AEC0B /* RecordSoundsViewController.swift */; };
		62F72C0B1B07BB44000AEC0B /* AppDelegate.swift in Sources */ = {isa = PBXBuildFile; fileRef = 62F72C0A1B07BB44000AEC0B /* AppDelegate.swift */; };
		62F72C101B07BB44000AEC0B /* Main.storyboard in Resources */ = {isa = PBXBuildFile; fileRef = 62F72C0E1B07BB44000AEC0B /* Main.storyboard */; };
		62F72C121B07BB44000AEC0B /* Images.xcassets in Resources */ = {isa = PBXBuildFile; fileRef = 62F72C111B07BB44000AEC0B /* Images.xcassets */; };
		62F72C151B07BB44000AEC0B /* LaunchScreen.xib in Resources */ = {isa = PBXBuildFile; fileRef = 62F72C131B07BB44000AEC0B /* LaunchScreen.xib */; };
		62F72C211B07BB44000AEC0B /* Pitch_PerfectTests.swift in Sources */ = {isa = PBXBuildFile; fileRef = 62F72C201B07BB44000AEC0B /* Pitch_PerfectTests.swift */; };
/* End PBXBuildFile section */

/* Begin PBXContainerItemProxy section */
		62F72C1B1B07BB44000AEC0B /* PBXContainerItemProxy */ = {
			isa = PBXContainerItemProxy;
			containerPortal = 62F72BFD1B07BB43000AEC0B /* Project object */;
			proxyType = 1;
			remoteGlobalIDString = 62F72C041B07BB43000AEC0B;
			remoteInfo = "Pitch Perfect";
		};
/* End PBXContainerItemProxy section */

/* Begin PBXFileReference section */
		6227FC3D1B19B5BA009F4B10 /* PlaySoundsViewController.swift */ = {isa = PBXFileReference; fileEncoding = 4; lastKnownFileType = sourcecode.swift; path = PlaySoundsViewController.swift; sourceTree = "<group>"; };
		6227FC3F1B1A8D05009F4B10 /* movie_quote.mp3 */ = {isa = PBXFileReference; lastKnownFileType = audio.mp3; name = movie_quote.mp3; path = ../../../../movie_quote.mp3; sourceTree = "<group>"; };
		62A9FB191B1AD948006AF1A9 /* RecordedAudio.swift */ = {isa = PBXFileReference; fileEncoding = 4; lastKnownFileType = sourcecode.swift; path = RecordedAudio.swift; sourceTree = "<group>"; };
		62F72C051B07BB44000AEC0B /* Pitch Perfect.app */ = {isa = PBXFileReference; explicitFileType = wrapper.application; includeInIndex = 0; path = "Pitch Perfect.app"; sourceTree = BUILT_PRODUCTS_DIR; };
		62F72C091B07BB44000AEC0B /* Info.plist */ = {isa = PBXFileReference; lastKnownFileType = text.plist.xml; path = Info.plist; sourceTree = "<group>"; };
		62F72C0A1B07BB44000AEC0B /* AppDelegate.swift */ = {isa = PBXFileReference; lastKnownFileType = sourcecode.swift; path = AppDelegate.swift; sourceTree = "<group>"; };
		62F72C0C1B07BB44000AEC0B /* RecordSoundsViewController.swift */ = {isa = PBXFileReference; lastKnownFileType = sourcecode.swift; path = RecordSoundsViewController.swift; sourceTree = "<group>"; };
		62F72C0F1B07BB44000AEC0B /* Base */ = {isa = PBXFileReference; lastKnownFileType = file.storyboard; name = Base; path = Base.lproj/Main.storyboard; sourceTree = "<group>"; };
		62F72C111B07BB44000AEC0B /* Images.xcassets */ = {isa = PBXFileReference; lastKnownFileType = folder.assetcatalog; path = Images.xcassets; sourceTree = "<group>"; };
		62F72C141B07BB44000AEC0B /* Base */ = {isa = PBXFileReference; lastKnownFileType = file.xib; name = Base; path = Base.lproj/LaunchScreen.xib; sourceTree = "<group>"; };
		62F72C1A1B07BB44000AEC0B /* Pitch PerfectTests.xctest */ = {isa = PBXFileReference; explicitFileType = wrapper.cfbundle; includeInIndex = 0; path = "Pitch PerfectTests.xctest"; sourceTree = BUILT_PRODUCTS_DIR; };
		62F72C1F1B07BB44000AEC0B /* Info.plist */ = {isa = PBXFileReference; lastKnownFileType = text.plist.xml; path = Info.plist; sourceTree = "<group>"; };
		62F72C201B07BB44000AEC0B /* Pitch_PerfectTests.swift */ = {isa = PBXFileReference; lastKnownFileType = sourcecode.swift; path = Pitch_PerfectTests.swift; sourceTree = "<group>"; };
/* End PBXFileReference section */

/* Begin PBXFrameworksBuildPhase section */
		62F72C021B07BB43000AEC0B /* Frameworks */ = {
			isa = PBXFrameworksBuildPhase;
			buildActionMask = 2147483647;
			files = (
			);
			runOnlyForDeploymentPostprocessing = 0;
		};
		62F72C171B07BB44000AEC0B /* Frameworks */ = {
			isa = PBXFrameworksBuildPhase;
			buildActionMask = 2147483647;
			files = (
			);
			runOnlyForDeploymentPostprocessing = 0;
		};
/* End PBXFrameworksBuildPhase section */

/* Begin PBXGroup section */
		62F72BFC1B07BB43000AEC0B = {
			isa = PBXGroup;
			children = (
				62F72C071B07BB44000AEC0B /* Pitch Perfect */,
				62F72C1D1B07BB44000AEC0B /* Pitch PerfectTests */,
				62F72C061B07BB44000AEC0B /* Products */,
			);
			sourceTree = "<group>";
		};
		62F72C061B07BB44000AEC0B /* Products */ = {
			isa = PBXGroup;
			children = (
				62F72C051B07BB44000AEC0B /* Pitch Perfect.app */,
				62F72C1A1B07BB44000AEC0B /* Pitch PerfectTests.xctest */,
			);
			name = Products;
			sourceTree = "<group>";
		};
		62F72C071B07BB44000AEC0B /* Pitch Perfect */ = {
			isa = PBXGroup;
			children = (
				62F72C0A1B07BB44000AEC0B /* AppDelegate.swift */,
				62F72C0C1B07BB44000AEC0B /* RecordSoundsViewController.swift */,
				62A9FB191B1AD948006AF1A9 /* RecordedAudio.swift */,
				62F72C0E1B07BB44000AEC0B /* Main.storyboard */,
				6227FC3D1B19B5BA009F4B10 /* PlaySoundsViewController.swift */,
				62F72C111B07BB44000AEC0B /* Images.xcassets */,
				62F72C131B07BB44000AEC0B /* LaunchScreen.xib */,
				62F72C081B07BB44000AEC0B /* Supporting Files */,
			);
			path = "Pitch Perfect";
			sourceTree = "<group>";
		};
		62F72C081B07BB44000AEC0B /* Supporting Files */ = {
			isa = PBXGroup;
			children = (
				62F72C091B07BB44000AEC0B /* Info.plist */,
				6227FC3F1B1A8D05009F4B10 /* movie_quote.mp3 */,
			);
			name = "Supporting Files";
			sourceTree = "<group>";
		};
		62F72C1D1B07BB44000AEC0B /* Pitch PerfectTests */ = {
			isa = PBXGroup;
			children = (
				62F72C201B07BB44000AEC0B /* Pitch_PerfectTests.swift */,
				62F72C1E1B07BB44000AEC0B /* Supporting Files */,
			);
			path = "Pitch PerfectTests";
			sourceTree = "<group>";
		};
		62F72C1E1B07BB44000AEC0B /* Supporting Files */ = {
			isa = PBXGroup;
			children = (
				62F72C1F1B07BB44000AEC0B /* Info.plist */,
			);
			name = "Supporting Files";
			sourceTree = "<group>";
		};
/* End PBXGroup section */

/* Begin PBXNativeTarget section */
		62F72C041B07BB43000AEC0B /* Pitch Perfect */ = {
			isa = PBXNativeTarget;
			buildConfigurationList = 62F72C241B07BB44000AEC0B /* Build configuration list for PBXNativeTarget "Pitch Perfect" */;
			buildPhases = (
				62F72C011B07BB43000AEC0B /* Sources */,
				62F72C021B07BB43000AEC0B /* Frameworks */,
				62F72C031B07BB43000AEC0B /* Resources */,
			);
			buildRules = (
			);
			dependencies = (
			);
			name = "Pitch Perfect";
			productName = "Pitch Perfect";
			productReference = 62F72C051B07BB44000AEC0B /* Pitch Perfect.app */;
			productType = "com.apple.product-type.application";
		};
		62F72C191B07BB44000AEC0B /* Pitch PerfectTests */ = {
			isa = PBXNativeTarget;
			buildConfigurationList = 62F72C271B07BB44000AEC0B /* Build configuration list for PBXNativeTarget "Pitch PerfectTests" */;
			buildPhases = (
				62F72C161B07BB44000AEC0B /* Sources */,
				62F72C171B07BB44000AEC0B /* Frameworks */,
				62F72C181B07BB44000AEC0B /* Resources */,
			);
			buildRules = (
			);
			dependencies = (
				62F72C1C1B07BB44000AEC0B /* PBXTargetDependency */,
			);
			name = "Pitch PerfectTests";
			productName = "Pitch PerfectTests";
			productReference = 62F72C1A1B07BB44000AEC0B /* Pitch PerfectTests.xctest */;
			productType = "com.apple.product-type.bundle.unit-test";
		};
/* End PBXNativeTarget section */

/* Begin PBXProject section */
		62F72BFD1B07BB43000AEC0B /* Project object */ = {
			isa = PBXProject;
			attributes = {
				LastUpgradeCheck = 0630;
				ORGANIZATIONNAME = "Jeff Bullock";
				TargetAttributes = {
					62F72C041B07BB43000AEC0B = {
						CreatedOnToolsVersion = 6.3.1;
					};
					62F72C191B07BB44000AEC0B = {
						CreatedOnToolsVersion = 6.3.1;
						TestTargetID = 62F72C041B07BB43000AEC0B;
					};
				};
			};
			buildConfigurationList = 62F72C001B07BB43000AEC0B /* Build configuration list for PBXProject "Pitch Perfect" */;
			compatibilityVersion = "Xcode 3.2";
			developmentRegion = English;
			hasScannedForEncodings = 0;
			knownRegions = (
				en,
				Base,
			);
			mainGroup = 62F72BFC1B07BB43000AEC0B;
			productRefGroup = 62F72C061B07BB44000AEC0B /* Products */;
			projectDirPath = "";
			projectRoot = "";
			targets = (
				62F72C041B07BB43000AEC0B /* Pitch Perfect */,
				62F72C191B07BB44000AEC0B /* Pitch PerfectTests */,
			);
		};
/* End PBXProject section */

/* Begin PBXResourcesBuildPhase section */
		62F72C031B07BB43000AEC0B /* Resources */ = {
			isa = PBXResourcesBuildPhase;
			buildActionMask = 2147483647;
			files = (
				62F72C101B07BB44000AEC0B /* Main.storyboard in Resources */,
				62F72C151B07BB44000AEC0B /* LaunchScreen.xib in Resources */,
				6227FC401B1A8D05009F4B10 /* movie_quote.mp3 in Resources */,
				62F72C121B07BB44000AEC0B /* Images.xcassets in Resources */,
			);
			runOnlyForDeploymentPostprocessing = 0;
		};
		62F72C181B07BB44000AEC0B /* Resources */ = {
			isa = PBXResourcesBuildPhase;
			buildActionMask = 2147483647;
			files = (
			);
			runOnlyForDeploymentPostprocessing = 0;
		};
/* End PBXResourcesBuildPhase section */

/* Begin PBXSourcesBuildPhase section */
		62F72C011B07BB43000AEC0B /* Sources */ = {
			isa = PBXSourcesBuildPhase;
			buildActionMask = 2147483647;
			files = (
				62590AB41B1C3F1100099678 /* RecordedAudio.swift in Sources */,
				62590AB61B1C3F1600099678 /* PlaySoundsViewController.swift in Sources */,
				62590AB81B1C3F2500099678 /* RecordSoundsViewController.swift in Sources */,
				62F72C0B1B07BB44000AEC0B /* AppDelegate.swift in Sources */,
			);
			runOnlyForDeploymentPostprocessing = 0;
		};
		62F72C161B07BB44000AEC0B /* Sources */ = {
			isa = PBXSourcesBuildPhase;
			buildActionMask = 2147483647;
			files = (
				62590AB51B1C3F1100099678 /* RecordedAudio.swift in Sources */,
				62590AB71B1C3F1700099678 /* PlaySoundsViewController.swift in Sources */,
				62590AB91B1C3F2500099678 /* RecordSoundsViewController.swift in Sources */,
				62F72C211B07BB44000AEC0B /* Pitch_PerfectTests.swift in Sources */,
			);
			runOnlyForDeploymentPostprocessing = 0;
		};
/* End PBXSourcesBuildPhase section */

/* Begin PBXTargetDependency section */
		62F72C1C1B07BB44000AEC0B /* PBXTargetDependency */ = {
			isa = PBXTargetDependency;
			target = 62F72C041B07BB43000AEC0B /* Pitch Perfect */;
			targetProxy = 62F72C1B1B07BB44000AEC0B /* PBXContainerItemProxy */;
		};
/* End PBXTargetDependency section */

/* Begin PBXVariantGroup section */
		62F72C0E1B07BB44000AEC0B /* Main.storyboard */ = {
			isa = PBXVariantGroup;
			children = (
				62F72C0F1B07BB44000AEC0B /* Base */,
			);
			name = Main.storyboard;
			sourceTree = "<group>";
		};
		62F72C131B07BB44000AEC0B /* LaunchScreen.xib */ = {
			isa = PBXVariantGroup;
			children = (
				62F72C141B07BB44000AEC0B /* Base */,
			);
			name = LaunchScreen.xib;
			sourceTree = "<group>";
		};
/* End PBXVariantGroup section */

/* Begin XCBuildConfiguration section */
		62F72C221B07BB44000AEC0B /* Debug */ = {
			isa = XCBuildConfiguration;
			buildSettings = {
				ALWAYS_SEARCH_USER_PATHS = NO;
				CLANG_CXX_LANGUAGE_STANDARD = "gnu++0x";
				CLANG_CXX_LIBRARY = "libc++";
				CLANG_ENABLE_MODULES = YES;
				CLANG_ENABLE_OBJC_ARC = YES;
				CLANG_WARN_BOOL_CONVERSION = YES;
				CLANG_WARN_CONSTANT_CONVERSION = YES;
				CLANG_WARN_DIRECT_OBJC_ISA_USAGE = YES_ERROR;
				CLANG_WARN_EMPTY_BODY = YES;
				CLANG_WARN_ENUM_CONVERSION = YES;
				CLANG_WARN_INT_CONVERSION = YES;
				CLANG_WARN_OBJC_ROOT_CLASS = YES_ERROR;
				CLANG_WARN_UNREACHABLE_CODE = YES;
				CLANG_WARN__DUPLICATE_METHOD_MATCH = YES;
				"CODE_SIGN_IDENTITY[sdk=iphoneos*]" = "iPhone Developer";
				COPY_PHASE_STRIP = NO;
				DEBUG_INFORMATION_FORMAT = "dwarf-with-dsym";
				ENABLE_STRICT_OBJC_MSGSEND = YES;
				GCC_C_LANGUAGE_STANDARD = gnu99;
				GCC_DYNAMIC_NO_PIC = NO;
				GCC_NO_COMMON_BLOCKS = YES;
				GCC_OPTIMIZATION_LEVEL = 0;
				GCC_PREPROCESSOR_DEFINITIONS = (
					"DEBUG=1",
					"$(inherited)",
				);
				GCC_SYMBOLS_PRIVATE_EXTERN = NO;
				GCC_WARN_64_TO_32_BIT_CONVERSION = YES;
				GCC_WARN_ABOUT_RETURN_TYPE = YES_ERROR;
				GCC_WARN_UNDECLARED_SELECTOR = YES;
				GCC_WARN_UNINITIALIZED_AUTOS = YES_AGGRESSIVE;
				GCC_WARN_UNUSED_FUNCTION = YES;
				GCC_WARN_UNUSED_VARIABLE = YES;
				IPHONEOS_DEPLOYMENT_TARGET = 8.3;
				MTL_ENABLE_DEBUG_INFO = YES;
				ONLY_ACTIVE_ARCH = YES;
				SDKROOT = iphoneos;
				SWIFT_OPTIMIZATION_LEVEL = "-Onone";
			};
			name = Debug;
		};
		62F72C231B07BB44000AEC0B /* Release */ = {
			isa = XCBuildConfiguration;
			buildSettings = {
				ALWAYS_SEARCH_USER_PATHS = NO;
				CLANG_CXX_LANGUAGE_STANDARD = "gnu++0x";
				CLANG_CXX_LIBRARY = "libc++";
				CLANG_ENABLE_MODULES = YES;
				CLANG_ENABLE_OBJC_ARC = YES;
				CLANG_WARN_BOOL_CONVERSION = YES;
				CLANG_WARN_CONSTANT_CONVERSION = YES;
				CLANG_WARN_DIRECT_OBJC_ISA_USAGE = YES_ERROR;
				CLANG_WARN_EMPTY_BODY = YES;
				CLANG_WARN_ENUM_CONVERSION = YES;
				CLANG_WARN_INT_CONVERSION = YES;
				CLANG_WARN_OBJC_ROOT_CLASS = YES_ERROR;
				CLANG_WARN_UNREACHABLE_CODE = YES;
				CLANG_WARN__DUPLICATE_METHOD_MATCH = YES;
				"CODE_SIGN_IDENTITY[sdk=iphoneos*]" = "iPhone Developer";
				COPY_PHASE_STRIP = NO;
				DEBUG_INFORMATION_FORMAT = "dwarf-with-dsym";
				ENABLE_NS_ASSERTIONS = NO;
				ENABLE_STRICT_OBJC_MSGSEND = YES;
				GCC_C_LANGUAGE_STANDARD = gnu99;
				GCC_NO_COMMON_BLOCKS = YES;
				GCC_WARN_64_TO_32_BIT_CONVERSION = YES;
				GCC_WARN_ABOUT_RETURN_TYPE = YES_ERROR;
				GCC_WARN_UNDECLARED_SELECTOR = YES;
				GCC_WARN_UNINITIALIZED_AUTOS = YES_AGGRESSIVE;
				GCC_WARN_UNUSED_FUNCTION = YES;
				GCC_WARN_UNUSED_VARIABLE = YES;
				IPHONEOS_DEPLOYMENT_TARGET = 8.3;
				MTL_ENABLE_DEBUG_INFO = NO;
				SDKROOT = iphoneos;
				VALIDATE_PRODUCT = YES;
			};
			name = Release;
		};
		62F72C251B07BB44000AEC0B /* Debug */ = {
			isa = XCBuildConfiguration;
			buildSettings = {
				ASSETCATALOG_COMPILER_APPICON_NAME = AppIcon;
				INFOPLIST_FILE = "Pitch Perfect/Info.plist";
				LD_RUNPATH_SEARCH_PATHS = "$(inherited) @executable_path/Frameworks";
				PRODUCT_NAME = "$(TARGET_NAME)";
			};
			name = Debug;
		};
		62F72C261B07BB44000AEC0B /* Release */ = {
			isa = XCBuildConfiguration;
			buildSettings = {
				ASSETCATALOG_COMPILER_APPICON_NAME = AppIcon;
				INFOPLIST_FILE = "Pitch Perfect/Info.plist";
				LD_RUNPATH_SEARCH_PATHS = "$(inherited) @executable_path/Frameworks";
				PRODUCT_NAME = "$(TARGET_NAME)";
			};
			name = Release;
		};
		62F72C281B07BB44000AEC0B /* Debug */ = {
			isa = XCBuildConfiguration;
			buildSettings = {
				BUNDLE_LOADER = "$(TEST_HOST)";
				FRAMEWORK_SEARCH_PATHS = (
					"$(SDKROOT)/Developer/Library/Frameworks",
					"$(inherited)",
				);
				GCC_PREPROCESSOR_DEFINITIONS = (
					"DEBUG=1",
					"$(inherited)",
				);
				INFOPLIST_FILE = "Pitch PerfectTests/Info.plist";
				LD_RUNPATH_SEARCH_PATHS = "$(inherited) @executable_path/Frameworks @loader_path/Frameworks";
				PRODUCT_NAME = "$(TARGET_NAME)";
				TEST_HOST = "$(BUILT_PRODUCTS_DIR)/Pitch Perfect.app/Pitch Perfect";
			};
			name = Debug;
		};
		62F72C291B07BB44000AEC0B /* Release */ = {
			isa = XCBuildConfiguration;
			buildSettings = {
				BUNDLE_LOADER = "$(TEST_HOST)";
				FRAMEWORK_SEARCH_PATHS = (
					"$(SDKROOT)/Developer/Library/Frameworks",
					"$(inherited)",
				);
				INFOPLIST_FILE = "Pitch PerfectTests/Info.plist";
				LD_RUNPATH_SEARCH_PATHS = "$(inherited) @executable_path/Frameworks @loader_path/Frameworks";
				PRODUCT_NAME = "$(TARGET_NAME)";
				TEST_HOST = "$(BUILT_PRODUCTS_DIR)/Pitch Perfect.app/Pitch Perfect";
			};
			name = Release;
		};
/* End XCBuildConfiguration section */

/* Begin XCConfigurationList section */
		62F72C001B07BB43000AEC0B /* Build configuration list for PBXProject "Pitch Perfect" */ = {
			isa = XCConfigurationList;
			buildConfigurations = (
				62F72C221B07BB44000AEC0B /* Debug */,
				62F72C231B07BB44000AEC0B /* Release */,
			);
			defaultConfigurationIsVisible = 0;
			defaultConfigurationName = Release;
		};
		62F72C241B07BB44000AEC0B /* Build configuration list for PBXNativeTarget "Pitch Perfect" */ = {
			isa = XCConfigurationList;
			buildConfigurations = (
				62F72C251B07BB44000AEC0B /* Debug */,
				62F72C261B07BB44000AEC0B /* Release */,
			);
			defaultConfigurationIsVisible = 0;
			defaultConfigurationName = Release;
		};
		62F72C271B07BB44000AEC0B /* Build configuration list for PBXNativeTarget "Pitch PerfectTests" */ = {
			isa = XCConfigurationList;
			buildConfigurations = (
				62F72C281B07BB44000AEC0B /* Debug */,
				62F72C291B07BB44000AEC0B /* Release */,
			);
			defaultConfigurationIsVisible = 0;
			defaultConfigurationName = Release;
		};
/* End XCConfigurationList section */
	};
	rootObject = 62F72BFD1B07BB43000AEC0B /* Project object */;
}
